
Microsoft Visual Studio Solution File, Format Version 11.00
# Visual Studio 2010
Project("{FAE04EC0-301F-11D3-BF4B-00C04F79EFBC}") = "AcpWpfRibbon", "AcpWpfRibbon.csproj", "{742539A6-CAFC-4816-B315-425782B56462}"
EndProject
Global
	GlobalSection(SolutionConfigurationPlatforms) = preSolution
		Debug|Any CPU = Debug|Any CPU
		Release|Any CPU = Release|Any CPU
	EndGlobalSection
	GlobalSection(ProjectConfigurationPlatforms) = postSolution
		{742539A6-CAFC-4816-B315-425782B56462}.Debug|Any CPU.ActiveCfg = Debug|Any CPU
		{742539A6-CAFC-4816-B315-425782B56462}.Debug|Any CPU.Build.0 = Debug|Any CPU
		{742539A6-CAFC-4816-B315-425782B56462}.Release|Any CPU.ActiveCfg = Release|Any CPU
		{742539A6-CAFC-4816-B315-425782B56462}.Release|Any CPU.Build.0 = Release|Any CPU
	EndGlobalSection
	GlobalSection(SolutionProperties) = preSolution
		HideSolutionNode = FALSE
	EndGlobalSection
EndGlobal
